
Microsoft Visual Studio Solution File, Format Version 10.00
# Visual Studio 2008
Project("{FAE04EC0-301F-11D3-BF4B-00C04F79EFBC}") = "Arena.Custom.HDC.CheckIn", "Library\Arena.Custom.HDC.CheckIn.csproj", "{577EBF7B-4689-4926-92B3-FCDECB419BF8}"
EndProject
Project("{E24C65DC-7377-472B-9ABA-BC803B73C61A}") = "UserControls", "UserControls\", "{AFB0DB1E-A315-40DE-A3E0-F170EE145900}"
	ProjectSection(WebsiteProperties) = preProject
		SccProjectName = "Svn"
		SccAuxPath = "Svn"
		SccLocalPath = "Svn"
		SccProvider = "SubversionScc"
		TargetFramework = "3.5"
		ProjectReferences = ""
		Debug.AspNetCompiler.VirtualPath = "/UserControls"
		Debug.AspNetCompiler.PhysicalPath = "UserControls\"
		Debug.AspNetCompiler.TargetPath = "PrecompiledWeb\UserControls\"
		Debug.AspNetCompiler.Updateable = "true"
		Debug.AspNetCompiler.ForceOverwrite = "true"
		Debug.AspNetCompiler.FixedNames = "false"
		Debug.AspNetCompiler.Debug = "True"
		Release.AspNetCompiler.VirtualPath = "/UserControls"
		Release.AspNetCompiler.PhysicalPath = "UserControls\"
		Release.AspNetCompiler.TargetPath = "PrecompiledWeb\UserControls\"
		Release.AspNetCompiler.Updateable = "true"
		Release.AspNetCompiler.ForceOverwrite = "true"
		Release.AspNetCompiler.FixedNames = "false"
		Release.AspNetCompiler.Debug = "False"
		VWDPort = "4557"
	EndProjectSection
EndProject
Project("{2150E333-8FDC-42A3-9474-1A3956D46DE8}") = "SQL", "SQL", "{07A9E1FE-098B-4D59-B025-FFE051BF54DB}"
	ProjectSection(SolutionItems) = preProject
		SQL\cust_hdc_checkin_display_group.sql = SQL\cust_hdc_checkin_display_group.sql
		SQL\cust_hdc_checkin_display_group_system.sql = SQL\cust_hdc_checkin_display_group_system.sql
		SQL\cust_hdc_checkin_family_number.sql = SQL\cust_hdc_checkin_family_number.sql
		SQL\cust_hdc_checkin_func_active_occurrenceByLocation.sql = SQL\cust_hdc_checkin_func_active_occurrenceByLocation.sql
		SQL\cust_hdc_checkin_funct_family_numberByFamily.sql = SQL\cust_hdc_checkin_funct_family_numberByFamily.sql
		SQL\cust_hdc_checkin_funct_family_numberByPerson.sql = SQL\cust_hdc_checkin_funct_family_numberByPerson.sql
		SQL\cust_hdc_checkin_funct_number_of_occurrences.sql = SQL\cust_hdc_checkin_funct_number_of_occurrences.sql
		SQL\cust_hdc_checkin_get_displayGroupsForSystemID.sql = SQL\cust_hdc_checkin_get_displayGroupsForSystemID.sql
		SQL\cust_hdc_checkin_number_board_note.sql = SQL\cust_hdc_checkin_number_board_note.sql
		SQL\cust_hdc_checkin_occurrence_type_template_location.sql = SQL\cust_hdc_checkin_occurrence_type_template_location.sql
		SQL\cust_hdc_checkin_sp_assign_family_number.sql = SQL\cust_hdc_checkin_sp_assign_family_number.sql
		SQL\cust_hdc_checkin_sp_assign_family_numbers.sql = SQL\cust_hdc_checkin_sp_assign_family_numbers.sql
		SQL\cust_hdc_checkin_sp_del_number_board_note.sql = SQL\cust_hdc_checkin_sp_del_number_board_note.sql
		SQL\cust_hdc_checkin_sp_delete_locationsByTemplateID.sql = SQL\cust_hdc_checkin_sp_delete_locationsByTemplateID.sql
		SQL\cust_hdc_checkin_sp_family_number_insert.sql = SQL\cust_hdc_checkin_sp_family_number_insert.sql
		SQL\cust_hdc_checkin_sp_generate_active_occurrences.sql = SQL\cust_hdc_checkin_sp_generate_active_occurrences.sql
		SQL\cust_hdc_checkin_sp_get_noteByID.sql = SQL\cust_hdc_checkin_sp_get_noteByID.sql
		SQL\cust_hdc_checkin_sp_get_notesForSystemID.sql = SQL\cust_hdc_checkin_sp_get_notesForSystemID.sql
		SQL\cust_hdc_checkin_sp_get_notesForUserInfo.sql = SQL\cust_hdc_checkin_sp_get_notesForUserInfo.sql
		SQL\cust_hdc_checkin_sp_get_security_code.sql = SQL\cust_hdc_checkin_sp_get_security_code.sql
		SQL\cust_hdc_checkin_sp_get_service_overviewByLocation.sql = SQL\cust_hdc_checkin_sp_get_service_overviewByLocation.sql
		SQL\cust_hdc_checkin_sp_get_service_overviewByOccurrence.sql = SQL\cust_hdc_checkin_sp_get_service_overviewByOccurrence.sql
		SQL\cust_hdc_checkin_sp_save_number_board_note.sql = SQL\cust_hdc_checkin_sp_save_number_board_note.sql
		SQL\cust_hdc_checkin_sp_save_template_location.sql = SQL\cust_hdc_checkin_sp_save_template_location.sql
		SQL\cust_hdc_checkin_sp_templateLocationsByGroupID.sql = SQL\cust_hdc_checkin_sp_templateLocationsByGroupID.sql
		SQL\cust_hdc_checkin_sp_templateLocationsByTypeID.sql = SQL\cust_hdc_checkin_sp_templateLocationsByTypeID.sql
	EndProjectSection
EndProject
Project("{2150E333-8FDC-42A3-9474-1A3956D46DE8}") = "Documentation", "Documentation", "{1F968B18-78D6-487E-B184-9775EA973CBA}"
	ProjectSection(SolutionItems) = preProject
		Documentation\cn01-AddMoreCount.png = Documentation\cn01-AddMoreCount.png
		Documentation\cn02-AllowSearching.png = Documentation\cn02-AllowSearching.png
		Documentation\cn03-CountryCode.png = Documentation\cn03-CountryCode.png
		Documentation\cn04-EmailFamilyRoles.png = Documentation\cn04-EmailFamilyRoles.png
		Documentation\cn05-FieldSecurity.png = Documentation\cn05-FieldSecurity.png
		Documentation\cn06-FriendRelationship.png = Documentation\cn06-FriendRelationship.png
		Documentation\cn07-GradeFamilyRoles.png = Documentation\cn07-GradeFamilyRoles.png
		Documentation\cn08-NewFamilySize.png = Documentation\cn08-NewFamilySize.png
		Documentation\cn09-NewMemberCampus.png = Documentation\cn09-NewMemberCampus.png
		Documentation\cn10-NewMemberStatus.png = Documentation\cn10-NewMemberStatus.png
		Documentation\cn11-PersonAttributes.png = Documentation\cn11-PersonAttributes.png
		Documentation\HDCFamilyRegistration.doc = Documentation\HDCFamilyRegistration.doc
		Documentation\ui01-SearchingForFamilies.png = Documentation\ui01-SearchingForFamilies.png
		Documentation\ui02-SearchResults.png = Documentation\ui02-SearchResults.png
		Documentation\ui03-FamilyInformation.png = Documentation\ui03-FamilyInformation.png
		Documentation\ui04-PersonAttributes.png = Documentation\ui04-PersonAttributes.png
		Documentation\ui05-AddFamilyFriend.png = Documentation\ui05-AddFamilyFriend.png
	EndProjectSection
EndProject
Global
	GlobalSection(SubversionScc) = preSolution
		Svn-Managed = True
		Manager = AnkhSVN - Subversion Support for Visual Studio
	EndGlobalSection
	GlobalSection(SolutionConfigurationPlatforms) = preSolution
		Debug|.NET = Debug|.NET
		Debug|Any CPU = Debug|Any CPU
		Debug|Mixed Platforms = Debug|Mixed Platforms
		Release|.NET = Release|.NET
		Release|Any CPU = Release|Any CPU
		Release|Mixed Platforms = Release|Mixed Platforms
	EndGlobalSection
	GlobalSection(ProjectConfigurationPlatforms) = postSolution
		{577EBF7B-4689-4926-92B3-FCDECB419BF8}.Debug|.NET.ActiveCfg = Debug|Any CPU
		{577EBF7B-4689-4926-92B3-FCDECB419BF8}.Debug|Any CPU.ActiveCfg = Debug|Any CPU
		{577EBF7B-4689-4926-92B3-FCDECB419BF8}.Debug|Any CPU.Build.0 = Debug|Any CPU
		{577EBF7B-4689-4926-92B3-FCDECB419BF8}.Debug|Mixed Platforms.ActiveCfg = Debug|Any CPU
		{577EBF7B-4689-4926-92B3-FCDECB419BF8}.Debug|Mixed Platforms.Build.0 = Debug|Any CPU
		{577EBF7B-4689-4926-92B3-FCDECB419BF8}.Release|.NET.ActiveCfg = Release|Any CPU
		{577EBF7B-4689-4926-92B3-FCDECB419BF8}.Release|Any CPU.ActiveCfg = Release|Any CPU
		{577EBF7B-4689-4926-92B3-FCDECB419BF8}.Release|Any CPU.Build.0 = Release|Any CPU
		{577EBF7B-4689-4926-92B3-FCDECB419BF8}.Release|Mixed Platforms.ActiveCfg = Release|Any CPU
		{577EBF7B-4689-4926-92B3-FCDECB419BF8}.Release|Mixed Platforms.Build.0 = Release|Any CPU
		{AFB0DB1E-A315-40DE-A3E0-F170EE145900}.Debug|.NET.ActiveCfg = Debug|.NET
		{AFB0DB1E-A315-40DE-A3E0-F170EE145900}.Debug|.NET.Build.0 = Debug|.NET
		{AFB0DB1E-A315-40DE-A3E0-F170EE145900}.Debug|Any CPU.ActiveCfg = Debug|.NET
		{AFB0DB1E-A315-40DE-A3E0-F170EE145900}.Debug|Mixed Platforms.ActiveCfg = Debug|.NET
		{AFB0DB1E-A315-40DE-A3E0-F170EE145900}.Debug|Mixed Platforms.Build.0 = Debug|.NET
		{AFB0DB1E-A315-40DE-A3E0-F170EE145900}.Release|.NET.ActiveCfg = Debug|.NET
		{AFB0DB1E-A315-40DE-A3E0-F170EE145900}.Release|.NET.Build.0 = Debug|.NET
		{AFB0DB1E-A315-40DE-A3E0-F170EE145900}.Release|Any CPU.ActiveCfg = Debug|.NET
		{AFB0DB1E-A315-40DE-A3E0-F170EE145900}.Release|Mixed Platforms.ActiveCfg = Debug|.NET
		{AFB0DB1E-A315-40DE-A3E0-F170EE145900}.Release|Mixed Platforms.Build.0 = Debug|.NET
	EndGlobalSection
	GlobalSection(SolutionProperties) = preSolution
		HideSolutionNode = FALSE
	EndGlobalSection
EndGlobal
